
Microsoft Visual Studio Solution File, Format Version 12.00
# Visual Studio Version 17
VisualStudioVersion = 17.13.35919.96
MinimumVisualStudioVersion = 10.0.40219.1
Project("{FAE04EC0-301F-11D3-BF4B-00C04F79EFBC}") = "記帳程式後端", "記帳程式後端\記帳程式後端.csproj", "{D8964B75-EA9B-4F51-B303-BC20B0176827}"
EndProject
Project("{FAE04EC0-301F-11D3-BF4B-00C04F79EFBC}") = "記帳程式後端.Contract", "記帳程式後端.Contract\記帳程式後端.Contract.csproj", "{5B2F8D26-2F74-4A6A-B0D6-DC2E52ED2846}"
EndProject
Global
	GlobalSection(SolutionConfigurationPlatforms) = preSolution
		Debug|Any CPU = Debug|Any CPU
		Release|Any CPU = Release|Any CPU
	EndGlobalSection
	GlobalSection(ProjectConfigurationPlatforms) = postSolution
		{D8964B75-EA9B-4F51-B303-BC20B0176827}.Debug|Any CPU.ActiveCfg = Debug|Any CPU
		{D8964B75-EA9B-4F51-B303-BC20B0176827}.Debug|Any CPU.Build.0 = Debug|Any CPU
		{D8964B75-EA9B-4F51-B303-BC20B0176827}.Release|Any CPU.ActiveCfg = Release|Any CPU
		{D8964B75-EA9B-4F51-B303-BC20B0176827}.Release|Any CPU.Build.0 = Release|Any CPU
		{5B2F8D26-2F74-4A6A-B0D6-DC2E52ED2846}.Debug|Any CPU.ActiveCfg = Debug|Any CPU
		{5B2F8D26-2F74-4A6A-B0D6-DC2E52ED2846}.Debug|Any CPU.Build.0 = Debug|Any CPU
		{5B2F8D26-2F74-4A6A-B0D6-DC2E52ED2846}.Release|Any CPU.ActiveCfg = Release|Any CPU
		{5B2F8D26-2F74-4A6A-B0D6-DC2E52ED2846}.Release|Any CPU.Build.0 = Release|Any CPU
	EndGlobalSection
	GlobalSection(SolutionProperties) = preSolution
		HideSolutionNode = FALSE
	EndGlobalSection
	GlobalSection(ExtensibilityGlobals) = postSolution
		SolutionGuid = {251B02E6-B5B0-4307-B106-A5A4E510E417}
	EndGlobalSection
EndGlobal
